
Microsoft Visual Studio Solution File, Format Version 12.00
# Visual Studio Version 16
VisualStudioVersion = 16.0.30406.217
MinimumVisualStudioVersion = 10.0.40219.1
Project("{FAE04EC0-301F-11D3-BF4B-00C04F79EFBC}") = "TimerCallbackExample", "TimerCallbackExample\TimerCallbackExample.csproj", "{4C5E43FE-BC53-4445-944F-15100F366BC6}"
EndProject
Global
	GlobalSection(SolutionConfigurationPlatforms) = preSolution
		Debug|Any CPU = Debug|Any CPU
		Release|Any CPU = Release|Any CPU
	EndGlobalSection
	GlobalSection(ProjectConfigurationPlatforms) = postSolution
		{4C5E43FE-BC53-4445-944F-15100F366BC6}.Debug|Any CPU.ActiveCfg = Debug|Any CPU
		{4C5E43FE-BC53-4445-944F-15100F366BC6}.Debug|Any CPU.Build.0 = Debug|Any CPU
		{4C5E43FE-BC53-4445-944F-15100F366BC6}.Release|Any CPU.ActiveCfg = Release|Any CPU
		{4C5E43FE-BC53-4445-944F-15100F366BC6}.Release|Any CPU.Build.0 = Release|Any CPU
	EndGlobalSection
	GlobalSection(SolutionProperties) = preSolution
		HideSolutionNode = FALSE
	EndGlobalSection
	GlobalSection(ExtensibilityGlobals) = postSolution
		SolutionGuid = {A18EBFB5-4D94-4E6B-84A1-BD86DC125C56}
	EndGlobalSection
EndGlobal
