# This file is automatically @generated by Poetry and should not be changed by hand.

[[package]]
name = "boto3"
version = "1.26.61"
description = "The AWS SDK for Python"
category = "main"
optional = false
python-versions = ">= 3.7"
files = [
    {file = "boto3-1.26.61-py3-none-any.whl", hash = "sha256:5194c16e1f2371c25ee038e8291faf99117b4f2d272d70f48851ba47bcea44b4"},
    {file = "boto3-1.26.61.tar.gz", hash = "sha256:78d75f6a08c33618d9ce37acca78e4f80e316a8ce3ac040c562f8054afe6451e"},
]

[package.dependencies]
botocore = ">=1.29.61,<1.30.0"
jmespath = ">=0.7.1,<2.0.0"
s3transfer = ">=0.6.0,<0.7.0"

[package.extras]
crt = ["botocore[crt] (>=1.21.0,<2.0a0)"]

[[package]]
name = "botocore"
version = "1.29.61"
description = "Low-level, data-driven core of boto 3."
category = "main"
optional = false
python-versions = ">= 3.7"
files = [
    {file = "botocore-1.29.61-py3-none-any.whl", hash = "sha256:c7a7133d02c5e9a8fcc9e5a238bf15bde2d5369366553520332a88bc05b7358a"},
    {file = "botocore-1.29.61.tar.gz", hash = "sha256:22ead51f900e3465d0e4e670d02d091e613c88be8b333c47bfda727f8988eef3"},
]

[package.dependencies]
jmespath = ">=0.7.1,<2.0.0"
python-dateutil = ">=2.1,<3.0.0"
urllib3 = ">=1.25.4,<1.27"

[package.extras]
crt = ["awscrt (==0.15.3)"]

[[package]]
name = "grpcio"
version = "1.43.0"
description = "HTTP/2-based RPC framework"
category = "main"
optional = false
python-versions = ">=3.6"
files = [
    {file = "grpcio-1.43.0-cp310-cp310-linux_armv7l.whl", hash = "sha256:a4e786a8ee8b30b25d70ee52cda6d1dbba2a8ca2f1208d8e20ed8280774f15c8"},
    {file = "grpcio-1.43.0-cp310-cp310-macosx_10_10_universal2.whl", hash = "sha256:af9c3742f6c13575c0d4147a8454da0ff5308c4d9469462ff18402c6416942fe"},
    {file = "grpcio-1.43.0-cp310-cp310-manylinux_2_17_aarch64.whl", hash = "sha256:fdac966699707b5554b815acc272d81e619dd0999f187cd52a61aef075f870ee"},
    {file = "grpcio-1.43.0-cp310-cp310-manylinux_2_17_i686.manylinux2014_i686.whl", hash = "sha256:6e463b4aa0a6b31cf2e57c4abc1a1b53531a18a570baeed39d8d7b65deb16b7e"},
    {file = "grpcio-1.43.0-cp310-cp310-manylinux_2_17_x86_64.manylinux2014_x86_64.whl", hash = "sha256:f11d05402e0ac3a284443d8a432d3dfc76a6bd3f7b5858cddd75617af2d7bd9b"},
    {file = "grpcio-1.43.0-cp310-cp310-win32.whl", hash = "sha256:c36f418c925a41fccada8f7ae9a3d3e227bfa837ddbfddd3d8b0ac252d12dda9"},
    {file = "grpcio-1.43.0-cp310-cp310-win_amd64.whl", hash = "sha256:772b943f34374744f70236bbbe0afe413ed80f9ae6303503f85e2b421d4bca92"},
    {file = "grpcio-1.43.0-cp36-cp36m-linux_armv7l.whl", hash = "sha256:cbc9b83211d905859dcf234ad39d7193ff0f05bfc3269c364fb0d114ee71de59"},
    {file = "grpcio-1.43.0-cp36-cp36m-macosx_10_10_x86_64.whl", hash = "sha256:fb7229fa2a201a0c377ff3283174ec966da8f9fd7ffcc9a92f162d2e7fc9025b"},
    {file = "grpcio-1.43.0-cp36-cp36m-manylinux2010_i686.whl", hash = "sha256:17b75f220ee6923338155b4fcef4c38802b9a57bc57d112c9599a13a03e99f8d"},
    {file = "grpcio-1.43.0-cp36-cp36m-manylinux2010_x86_64.whl", hash = "sha256:6620a5b751b099b3b25553cfc03dfcd873cda06f9bb2ff7e9948ac7090e20f05"},
    {file = "grpcio-1.43.0-cp36-cp36m-manylinux_2_17_aarch64.whl", hash = "sha256:1898f999383baac5fcdbdef8ea5b1ef204f38dc211014eb6977ac6e55944d738"},
    {file = "grpcio-1.43.0-cp36-cp36m-manylinux_2_17_i686.manylinux2014_i686.whl", hash = "sha256:47b6821238d8978014d23b1132713dac6c2d72cbb561cf257608b1673894f90a"},
    {file = "grpcio-1.43.0-cp36-cp36m-manylinux_2_17_x86_64.manylinux2014_x86_64.whl", hash = "sha256:80398e9fb598060fa41050d1220f5a2440fe74ff082c36dda41ac3215ebb5ddd"},
    {file = "grpcio-1.43.0-cp36-cp36m-win32.whl", hash = "sha256:0110310eff07bb69782f53b7a947490268c4645de559034c43c0a635612e250f"},
    {file = "grpcio-1.43.0-cp36-cp36m-win_amd64.whl", hash = "sha256:45401d00f2ee46bde75618bf33e9df960daa7980e6e0e7328047191918c98504"},
    {file = "grpcio-1.43.0-cp37-cp37m-linux_armv7l.whl", hash = "sha256:af78ac55933811e6a25141336b1f2d5e0659c2f568d44d20539b273792563ca7"},
    {file = "grpcio-1.43.0-cp37-cp37m-macosx_10_10_x86_64.whl", hash = "sha256:8b2b9dc4d7897566723b77422e11c009a0ebd397966b165b21b89a62891a9fdf"},
    {file = "grpcio-1.43.0-cp37-cp37m-manylinux2010_i686.whl", hash = "sha256:77ef653f966934b3bfdd00e4f2064b68880eb40cf09b0b99edfa5ee22a44f559"},
    {file = "grpcio-1.43.0-cp37-cp37m-manylinux2010_x86_64.whl", hash = "sha256:e95b5d62ec26d0cd0b90c202d73e7cb927c369c3358e027225239a4e354967dc"},
    {file = "grpcio-1.43.0-cp37-cp37m-manylinux_2_17_aarch64.whl", hash = "sha256:04239e8f71db832c26bbbedb4537b37550a39d77681d748ab4678e58dd6455d6"},
    {file = "grpcio-1.43.0-cp37-cp37m-manylinux_2_17_i686.manylinux2014_i686.whl", hash = "sha256:4b4a7152187a49767a47d1413edde2304c96f41f7bc92cc512e230dfd0fba095"},
    {file = "grpcio-1.43.0-cp37-cp37m-manylinux_2_17_x86_64.manylinux2014_x86_64.whl", hash = "sha256:b8cc936a29c65ab39714e1ba67a694c41218f98b6e2a64efb83f04d9abc4386b"},
    {file = "grpcio-1.43.0-cp37-cp37m-win32.whl", hash = "sha256:577e024c8dd5f27cd98ba850bc4e890f07d4b5942e5bc059a3d88843a2f48f66"},
    {file = "grpcio-1.43.0-cp37-cp37m-win_amd64.whl", hash = "sha256:138f57e3445d4a48d9a8a5af1538fdaafaa50a0a3c243f281d8df0edf221dc02"},
    {file = "grpcio-1.43.0-cp38-cp38-linux_armv7l.whl", hash = "sha256:08cf25f2936629db062aeddbb594bd76b3383ab0ede75ef0461a3b0bc3a2c150"},
    {file = "grpcio-1.43.0-cp38-cp38-macosx_10_10_x86_64.whl", hash = "sha256:01f4b887ed703fe82ebe613e1d2dadea517891725e17e7a6134dcd00352bd28c"},
    {file = "grpcio-1.43.0-cp38-cp38-manylinux2010_i686.whl", hash = "sha256:0aa8285f284338eb68962fe1a830291db06f366ea12f213399b520c062b01f65"},
    {file = "grpcio-1.43.0-cp38-cp38-manylinux2010_x86_64.whl", hash = "sha256:0edbfeb6729aa9da33ce7e28fb7703b3754934115454ae45e8cc1db601756fd3"},
    {file = "grpcio-1.43.0-cp38-cp38-manylinux_2_17_aarch64.whl", hash = "sha256:c354017819201053d65212befd1dcb65c2d91b704d8977e696bae79c47cd2f82"},
    {file = "grpcio-1.43.0-cp38-cp38-manylinux_2_17_i686.manylinux2014_i686.whl", hash = "sha256:50cfb7e1067ee5e00b8ab100a6b7ea322d37ec6672c0455106520b5891c4b5f5"},
    {file = "grpcio-1.43.0-cp38-cp38-manylinux_2_17_x86_64.manylinux2014_x86_64.whl", hash = "sha256:57f1aeb65ed17dfb2f6cd717cc109910fe395133af7257a9c729c0b9604eac10"},
    {file = "grpcio-1.43.0-cp38-cp38-win32.whl", hash = "sha256:fa26a8bbb3fe57845acb1329ff700d5c7eaf06414c3e15f4cb8923f3a466ef64"},
    {file = "grpcio-1.43.0-cp38-cp38-win_amd64.whl", hash = "sha256:ade8b79a6b6aea68adb9d4bfeba5d647667d842202c5d8f3ba37ac1dc8e5c09c"},
    {file = "grpcio-1.43.0-cp39-cp39-linux_armv7l.whl", hash = "sha256:124e718faf96fe44c98b05f3f475076be8b5198bb4c52a13208acf88a8548ba9"},
    {file = "grpcio-1.43.0-cp39-cp39-macosx_10_10_x86_64.whl", hash = "sha256:2f96142d0abc91290a63ba203f01649e498302b1b6007c67bad17f823ecde0cf"},
    {file = "grpcio-1.43.0-cp39-cp39-manylinux2010_i686.whl", hash = "sha256:31e6e489ccd8f08884b9349a39610982df48535881ec34f05a11c6e6b6ebf9d0"},
    {file = "grpcio-1.43.0-cp39-cp39-manylinux2010_x86_64.whl", hash = "sha256:0e731f660e1e68238f56f4ce11156f02fd06dc58bc7834778d42c0081d4ef5ad"},
    {file = "grpcio-1.43.0-cp39-cp39-manylinux_2_17_aarch64.whl", hash = "sha256:1f16725a320460435a8a5339d8b06c4e00d307ab5ad56746af2e22b5f9c50932"},
    {file = "grpcio-1.43.0-cp39-cp39-manylinux_2_17_i686.manylinux2014_i686.whl", hash = "sha256:a4b4543e13acb4806917d883d0f70f21ba93b29672ea81f4aaba14821aaf9bb0"},
    {file = "grpcio-1.43.0-cp39-cp39-manylinux_2_17_x86_64.manylinux2014_x86_64.whl", hash = "sha256:594aaa0469f4fca7773e80d8c27bf1298e7bbce5f6da0f084b07489a708f16ab"},
    {file = "grpcio-1.43.0-cp39-cp39-win32.whl", hash = "sha256:5449ae564349e7a738b8c38583c0aad954b0d5d1dd3cea68953bfc32eaee11e3"},
    {file = "grpcio-1.43.0-cp39-cp39-win_amd64.whl", hash = "sha256:bdf41550815a831384d21a498b20597417fd31bd084deb17d31ceb39ad9acc79"},
    {file = "grpcio-1.43.0.tar.gz", hash = "sha256:735d9a437c262ab039d02defddcb9f8f545d7009ae61c0114e19dda3843febe5"},
]

[package.dependencies]
six = ">=1.5.2"

[package.extras]
protobuf = ["grpcio-tools (>=1.43.0)"]

[[package]]
name = "grpcio-tools"
version = "1.43.0"
description = "Protobuf code generator for gRPC"
category = "main"
optional = false
python-versions = ">=3.6"
files = [
    {file = "grpcio-tools-1.43.0.tar.gz", hash = "sha256:f42f1d713096808b1b0472dd2a3749b712d13f0092dab9442d9c096446e860b2"},
    {file = "grpcio_tools-1.43.0-cp310-cp310-linux_armv7l.whl", hash = "sha256:766771ef5b60ebcba0a3bdb302dd92fda988552eb8508451ff6d97371eac38e5"},
    {file = "grpcio_tools-1.43.0-cp310-cp310-macosx_10_10_universal2.whl", hash = "sha256:178a881db5de0f89abf3aeeb260ecfd1116cc31f88fb600a45fb5b19c3323b33"},
    {file = "grpcio_tools-1.43.0-cp310-cp310-manylinux_2_17_aarch64.whl", hash = "sha256:019f55929e963214471825c7a4cdab7a57069109d5621b24e4db7b428b5fe47d"},
    {file = "grpcio_tools-1.43.0-cp310-cp310-manylinux_2_17_i686.manylinux2014_i686.whl", hash = "sha256:e6c0e1d1b47554c580882d392b739df91a55b6a8ec696b2b2e1bbc127d63df2c"},
    {file = "grpcio_tools-1.43.0-cp310-cp310-manylinux_2_17_x86_64.manylinux2014_x86_64.whl", hash = "sha256:4c5c80098fa69593b828d119973744de03c3f9a6935df8a02e4329a39b7072f5"},
    {file = "grpcio_tools-1.43.0-cp310-cp310-win32.whl", hash = "sha256:53f7dcaa4218df1b64b39d0fc7236a8270e8ab2db4ab8cd1d2fda0e6d4544946"},
    {file = "grpcio_tools-1.43.0-cp310-cp310-win_amd64.whl", hash = "sha256:5be6d402b0cafef20ba3abb3baa37444961d9a9c4a6434d3d7c1f082f7697deb"},
    {file = "grpcio_tools-1.43.0-cp36-cp36m-linux_armv7l.whl", hash = "sha256:8953fdebef6905d7ff13a5a376b21b6fecd808d18bf4f0d3990ffe4a215d56eb"},
    {file = "grpcio_tools-1.43.0-cp36-cp36m-macosx_10_10_x86_64.whl", hash = "sha256:18870dcc8369ac4c37213e6796d8dc20494ea770670204f5e573f88e69eaaf0b"},
    {file = "grpcio_tools-1.43.0-cp36-cp36m-manylinux2010_i686.whl", hash = "sha256:010a4be6a2fccbd6741a4809c5da7f2e39a1e9e227745e6b495be567638bbeb9"},
    {file = "grpcio_tools-1.43.0-cp36-cp36m-manylinux2010_x86_64.whl", hash = "sha256:426f16b6b14d533ce61249a18fbcd1a23a4fa0c71a6d7ab347b1c7f862847bb8"},
    {file = "grpcio_tools-1.43.0-cp36-cp36m-manylinux_2_17_aarch64.whl", hash = "sha256:f974cb0bea88bac892c3ed16da92c6ac88cff0fea17f24bf0e1892eb4d27cd00"},
    {file = "grpcio_tools-1.43.0-cp36-cp36m-manylinux_2_17_i686.manylinux2014_i686.whl", hash = "sha256:55c2e604536e06248e2f81e549737fb3a180c8117832e494a0a8a81fbde44837"},
    {file = "grpcio_tools-1.43.0-cp36-cp36m-manylinux_2_17_x86_64.manylinux2014_x86_64.whl", hash = "sha256:f97f9ffa49348fb24692751d2d4455ef2968bd07fe536d65597caaec14222629"},
    {file = "grpcio_tools-1.43.0-cp36-cp36m-win32.whl", hash = "sha256:6eaf97414237b8670ae9fa623879a26eabcc4c635b550c79a81e17eb600d6ae3"},
    {file = "grpcio_tools-1.43.0-cp36-cp36m-win_amd64.whl", hash = "sha256:04f100c1f6a7c72c537760c33582f6970070bd6fa6676b529bccfa31cc58bc79"},
    {file = "grpcio_tools-1.43.0-cp37-cp37m-linux_armv7l.whl", hash = "sha256:9dbb6d1f58f26d88ae689f1b49de84cfaf4786c81c01b9001d3ceea178116a07"},
    {file = "grpcio_tools-1.43.0-cp37-cp37m-macosx_10_10_x86_64.whl", hash = "sha256:63862a441a77f6326ea9fe4bb005882f0e363441a5968d9cf8621c34d3dadc2b"},
    {file = "grpcio_tools-1.43.0-cp37-cp37m-manylinux2010_i686.whl", hash = "sha256:6dea0cb2e79b67593553ed8662f70e4310599fa8850fc0e056b19fcb63572b7f"},
    {file = "grpcio_tools-1.43.0-cp37-cp37m-manylinux2010_x86_64.whl", hash = "sha256:3eb4aa5b0e578c3d9d9da8e37a2ef73654287a498b8081543acd0db7f0ec1a9c"},
    {file = "grpcio_tools-1.43.0-cp37-cp37m-manylinux_2_17_aarch64.whl", hash = "sha256:09464c6b17663088144b7e6ea10e9465efdcee03d4b2ffefab39a799bd8360f8"},
    {file = "grpcio_tools-1.43.0-cp37-cp37m-manylinux_2_17_i686.manylinux2014_i686.whl", hash = "sha256:2458d6b0404f83d95aef00cec01f310d30e9719564a25be50e39b259f6a2da5d"},
    {file = "grpcio_tools-1.43.0-cp37-cp37m-manylinux_2_17_x86_64.manylinux2014_x86_64.whl", hash = "sha256:2e9bb5da437364b7dcd2d3c6850747081ecbec0ba645c96c6d471f7e21fdcadb"},
    {file = "grpcio_tools-1.43.0-cp37-cp37m-win32.whl", hash = "sha256:2737f749a6ab965748629e619b35f3e1cbe5820fc79e34c88f73cb99efc71dde"},
    {file = "grpcio_tools-1.43.0-cp37-cp37m-win_amd64.whl", hash = "sha256:c39cbe7b902bb92f9afaa035091f5e2b8be35acbac501fec8cb6a0be7d7cdbbd"},
    {file = "grpcio_tools-1.43.0-cp38-cp38-linux_armv7l.whl", hash = "sha256:05550ba473cff7c09e905fcfb2263fd1f7600389660194ec022b5d5a3802534b"},
    {file = "grpcio_tools-1.43.0-cp38-cp38-macosx_10_10_x86_64.whl", hash = "sha256:ce13a922db8f5f95c5041d3a4cbf04d942b353f0cba9b251a674f69a31a2d3a6"},
    {file = "grpcio_tools-1.43.0-cp38-cp38-manylinux2010_i686.whl", hash = "sha256:f19d40690c97365c1c1bde81474e6f496d7ab76f87e6d2889c72ad01bac98f2d"},
    {file = "grpcio_tools-1.43.0-cp38-cp38-manylinux2010_x86_64.whl", hash = "sha256:ba3da574eb08fcaed541b3fc97ce217360fd86d954fa9ad6a604803d57a2e049"},
    {file = "grpcio_tools-1.43.0-cp38-cp38-manylinux_2_17_aarch64.whl", hash = "sha256:efd1eb5880001f5189cfa3a774675cc9bbc8cc51586a3e90fe796394ac8626b8"},
    {file = "grpcio_tools-1.43.0-cp38-cp38-manylinux_2_17_i686.manylinux2014_i686.whl", hash = "sha256:234c7a5af653357df5c616e013173eddda6193146c8ab38f3108c4784f66be26"},
    {file = "grpcio_tools-1.43.0-cp38-cp38-manylinux_2_17_x86_64.manylinux2014_x86_64.whl", hash = "sha256:d7e3662f62d410b3f81823b5fa0f79c6e0e250977a1058e4131867b85138a661"},
    {file = "grpcio_tools-1.43.0-cp38-cp38-win32.whl", hash = "sha256:5f2e584d7644ef924e9e042fa151a3bb9f7c28ef1ae260ee6c9cb327982b5e94"},
    {file = "grpcio_tools-1.43.0-cp38-cp38-win_amd64.whl", hash = "sha256:98dcb5b756855110fb661ccd6a93a716610b7efcd5720a3aec01358a1a892c30"},
    {file = "grpcio_tools-1.43.0-cp39-cp39-linux_armv7l.whl", hash = "sha256:61ef6cb6ccf9b9c27bb85fffc5338194bcf444df502196c2ad0ff8df4706d41e"},
    {file = "grpcio_tools-1.43.0-cp39-cp39-macosx_10_10_x86_64.whl", hash = "sha256:1def9b68ac9e62674929bc6590a33d89635f1cf16016657d9e16a69f41aa5c36"},
    {file = "grpcio_tools-1.43.0-cp39-cp39-manylinux2010_i686.whl", hash = "sha256:b68cc0c95a0f8c757e8d69b5fa46111d5c9d887ae62af28f827649b1d1b70fe1"},
    {file = "grpcio_tools-1.43.0-cp39-cp39-manylinux2010_x86_64.whl", hash = "sha256:e956b5c3b586d7b27eae49fb06f544a26288596fe12e22ffec768109717276d1"},
    {file = "grpcio_tools-1.43.0-cp39-cp39-manylinux_2_17_aarch64.whl", hash = "sha256:671e61bbc91d8d568f12c3654bb5a91fce9f3fdfd5ec2cfc60c2d3a840449aa6"},
    {file = "grpcio_tools-1.43.0-cp39-cp39-manylinux_2_17_i686.manylinux2014_i686.whl", hash = "sha256:d7173ed19854d1066bce9bdc09f735ca9c13e74a25d47a1cc5d1fe803b53bffb"},
    {file = "grpcio_tools-1.43.0-cp39-cp39-manylinux_2_17_x86_64.manylinux2014_x86_64.whl", hash = "sha256:1adb0dbcc1c10b86dcda910b8f56e39210e401bcee923dba166ba923a5f4696a"},
    {file = "grpcio_tools-1.43.0-cp39-cp39-win32.whl", hash = "sha256:ebfb94ddb454a6dc3a505d9531dc81c948e6364e181b8795bfad3f3f479974dc"},
    {file = "grpcio_tools-1.43.0-cp39-cp39-win_amd64.whl", hash = "sha256:d21928b680e6e29538688cffbf53f3d5a53cff0ec8f0c33139641700045bdf1a"},
]

[package.dependencies]
grpcio = ">=1.43.0"
protobuf = ">=3.5.0.post1,<4.0dev"
setuptools = "*"

[[package]]
name = "jmespath"
version = "1.0.1"
description = "JSON Matching Expressions"
category = "main"
optional = false
python-versions = ">=3.7"
files = [
    {file = "jmespath-1.0.1-py3-none-any.whl", hash = "sha256:02e2e4cc71b5bcab88332eebf907519190dd9e6e82107fa7f83b1003a6252980"},
    {file = "jmespath-1.0.1.tar.gz", hash = "sha256:90261b206d6defd58fdd5e85f478bf633a2901798906be2ad389150c5c60edbe"},
]

[[package]]
name = "nanoid"
version = "2.0.0"
description = "A tiny, secure, URL-friendly, unique string ID generator for Python"
category = "main"
optional = false
python-versions = "*"
files = [
    {file = "nanoid-2.0.0-py3-none-any.whl", hash = "sha256:90aefa650e328cffb0893bbd4c236cfd44c48bc1f2d0b525ecc53c3187b653bb"},
    {file = "nanoid-2.0.0.tar.gz", hash = "sha256:5a80cad5e9c6e9ae3a41fa2fb34ae189f7cb420b2a5d8f82bd9d23466e4efa68"},
]

[[package]]
name = "numpy"
version = "1.24.1"
description = "Fundamental package for array computing in Python"
category = "main"
optional = false
python-versions = ">=3.8"
files = [
    {file = "numpy-1.24.1-cp310-cp310-macosx_10_9_x86_64.whl", hash = "sha256:179a7ef0889ab769cc03573b6217f54c8bd8e16cef80aad369e1e8185f994cd7"},
    {file = "numpy-1.24.1-cp310-cp310-macosx_11_0_arm64.whl", hash = "sha256:b09804ff570b907da323b3d762e74432fb07955701b17b08ff1b5ebaa8cfe6a9"},
    {file = "numpy-1.24.1-cp310-cp310-manylinux_2_17_aarch64.manylinux2014_aarch64.whl", hash = "sha256:f1b739841821968798947d3afcefd386fa56da0caf97722a5de53e07c4ccedc7"},
    {file = "numpy-1.24.1-cp310-cp310-manylinux_2_17_x86_64.manylinux2014_x86_64.whl", hash = "sha256:0e3463e6ac25313462e04aea3fb8a0a30fb906d5d300f58b3bc2c23da6a15398"},
    {file = "numpy-1.24.1-cp310-cp310-win32.whl", hash = "sha256:b31da69ed0c18be8b77bfce48d234e55d040793cebb25398e2a7d84199fbc7e2"},
    {file = "numpy-1.24.1-cp310-cp310-win_amd64.whl", hash = "sha256:b07b40f5fb4fa034120a5796288f24c1fe0e0580bbfff99897ba6267af42def2"},
    {file = "numpy-1.24.1-cp311-cp311-macosx_10_9_x86_64.whl", hash = "sha256:7094891dcf79ccc6bc2a1f30428fa5edb1e6fb955411ffff3401fb4ea93780a8"},
    {file = "numpy-1.24.1-cp311-cp311-macosx_11_0_arm64.whl", hash = "sha256:28e418681372520c992805bb723e29d69d6b7aa411065f48216d8329d02ba032"},
    {file = "numpy-1.24.1-cp311-cp311-manylinux_2_17_aarch64.manylinux2014_aarch64.whl", hash = "sha256:e274f0f6c7efd0d577744f52032fdd24344f11c5ae668fe8d01aac0422611df1"},
    {file = "numpy-1.24.1-cp311-cp311-manylinux_2_17_x86_64.manylinux2014_x86_64.whl", hash = "sha256:0044f7d944ee882400890f9ae955220d29b33d809a038923d88e4e01d652acd9"},
    {file = "numpy-1.24.1-cp311-cp311-win32.whl", hash = "sha256:442feb5e5bada8408e8fcd43f3360b78683ff12a4444670a7d9e9824c1817d36"},
    {file = "numpy-1.24.1-cp311-cp311-win_amd64.whl", hash = "sha256:de92efa737875329b052982e37bd4371d52cabf469f83e7b8be9bb7752d67e51"},
    {file = "numpy-1.24.1-cp38-cp38-macosx_10_9_x86_64.whl", hash = "sha256:b162ac10ca38850510caf8ea33f89edcb7b0bb0dfa5592d59909419986b72407"},
    {file = "numpy-1.24.1-cp38-cp38-macosx_11_0_arm64.whl", hash = "sha256:26089487086f2648944f17adaa1a97ca6aee57f513ba5f1c0b7ebdabbe2b9954"},
    {file = "numpy-1.24.1-cp38-cp38-manylinux_2_17_aarch64.manylinux2014_aarch64.whl", hash = "sha256:caf65a396c0d1f9809596be2e444e3bd4190d86d5c1ce21f5fc4be60a3bc5b36"},
    {file = "numpy-1.24.1-cp38-cp38-manylinux_2_17_x86_64.manylinux2014_x86_64.whl", hash = "sha256:b0677a52f5d896e84414761531947c7a330d1adc07c3a4372262f25d84af7bf7"},
    {file = "numpy-1.24.1-cp38-cp38-win32.whl", hash = "sha256:dae46bed2cb79a58d6496ff6d8da1e3b95ba09afeca2e277628171ca99b99db1"},
    {file = "numpy-1.24.1-cp38-cp38-win_amd64.whl", hash = "sha256:6ec0c021cd9fe732e5bab6401adea5a409214ca5592cd92a114f7067febcba0c"},
    {file = "numpy-1.24.1-cp39-cp39-macosx_10_9_x86_64.whl", hash = "sha256:28bc9750ae1f75264ee0f10561709b1462d450a4808cd97c013046073ae64ab6"},
    {file = "numpy-1.24.1-cp39-cp39-macosx_11_0_arm64.whl", hash = "sha256:84e789a085aabef2f36c0515f45e459f02f570c4b4c4c108ac1179c34d475ed7"},
    {file = "numpy-1.24.1-cp39-cp39-manylinux_2_17_aarch64.manylinux2014_aarch64.whl", hash = "sha256:8e669fbdcdd1e945691079c2cae335f3e3a56554e06bbd45d7609a6cf568c700"},
    {file = "numpy-1.24.1-cp39-cp39-manylinux_2_17_x86_64.manylinux2014_x86_64.whl", hash = "sha256:ef85cf1f693c88c1fd229ccd1055570cb41cdf4875873b7728b6301f12cd05bf"},
    {file = "numpy-1.24.1-cp39-cp39-win32.whl", hash = "sha256:87a118968fba001b248aac90e502c0b13606721b1343cdaddbc6e552e8dfb56f"},
    {file = "numpy-1.24.1-cp39-cp39-win_amd64.whl", hash = "sha256:ddc7ab52b322eb1e40521eb422c4e0a20716c271a306860979d450decbb51b8e"},
    {file = "numpy-1.24.1-pp38-pypy38_pp73-macosx_10_9_x86_64.whl", hash = "sha256:ed5fb71d79e771ec930566fae9c02626b939e37271ec285e9efaf1b5d4370e7d"},
    {file = "numpy-1.24.1-pp38-pypy38_pp73-manylinux_2_17_x86_64.manylinux2014_x86_64.whl", hash = "sha256:ad2925567f43643f51255220424c23d204024ed428afc5aad0f86f3ffc080086"},
    {file = "numpy-1.24.1-pp38-pypy38_pp73-win_amd64.whl", hash = "sha256:cfa1161c6ac8f92dea03d625c2d0c05e084668f4a06568b77a25a89111621566"},
    {file = "numpy-1.24.1.tar.gz", hash = "sha256:2386da9a471cc00a1f47845e27d916d5ec5346ae9696e01a8a34760858fe9dd2"},
]

[[package]]
name = "pandas"
version = "1.5.3"
description = "Powerful data structures for data analysis, time series, and statistics"
category = "main"
optional = false
python-versions = ">=3.8"
files = [
    {file = "pandas-1.5.3-cp310-cp310-macosx_10_9_universal2.whl", hash = "sha256:3749077d86e3a2f0ed51367f30bf5b82e131cc0f14260c4d3e499186fccc4406"},
    {file = "pandas-1.5.3-cp310-cp310-macosx_10_9_x86_64.whl", hash = "sha256:972d8a45395f2a2d26733eb8d0f629b2f90bebe8e8eddbb8829b180c09639572"},
    {file = "pandas-1.5.3-cp310-cp310-macosx_11_0_arm64.whl", hash = "sha256:50869a35cbb0f2e0cd5ec04b191e7b12ed688874bd05dd777c19b28cbea90996"},
    {file = "pandas-1.5.3-cp310-cp310-manylinux_2_17_aarch64.manylinux2014_aarch64.whl", hash = "sha256:c3ac844a0fe00bfaeb2c9b51ab1424e5c8744f89860b138434a363b1f620f354"},
    {file = "pandas-1.5.3-cp310-cp310-manylinux_2_17_x86_64.manylinux2014_x86_64.whl", hash = "sha256:7a0a56cef15fd1586726dace5616db75ebcfec9179a3a55e78f72c5639fa2a23"},
    {file = "pandas-1.5.3-cp310-cp310-win_amd64.whl", hash = "sha256:478ff646ca42b20376e4ed3fa2e8d7341e8a63105586efe54fa2508ee087f328"},
    {file = "pandas-1.5.3-cp311-cp311-macosx_10_9_universal2.whl", hash = "sha256:6973549c01ca91ec96199e940495219c887ea815b2083722821f1d7abfa2b4dc"},
    {file = "pandas-1.5.3-cp311-cp311-macosx_10_9_x86_64.whl", hash = "sha256:c39a8da13cede5adcd3be1182883aea1c925476f4e84b2807a46e2775306305d"},
    {file = "pandas-1.5.3-cp311-cp311-macosx_11_0_arm64.whl", hash = "sha256:f76d097d12c82a535fda9dfe5e8dd4127952b45fea9b0276cb30cca5ea313fbc"},
    {file = "pandas-1.5.3-cp311-cp311-manylinux_2_17_aarch64.manylinux2014_aarch64.whl", hash = "sha256:e474390e60ed609cec869b0da796ad94f420bb057d86784191eefc62b65819ae"},
    {file = "pandas-1.5.3-cp311-cp311-manylinux_2_17_x86_64.manylinux2014_x86_64.whl", hash = "sha256:5f2b952406a1588ad4cad5b3f55f520e82e902388a6d5a4a91baa8d38d23c7f6"},
    {file = "pandas-1.5.3-cp311-cp311-win_amd64.whl", hash = "sha256:bc4c368f42b551bf72fac35c5128963a171b40dce866fb066540eeaf46faa003"},
    {file = "pandas-1.5.3-cp38-cp38-macosx_10_9_universal2.whl", hash = "sha256:14e45300521902689a81f3f41386dc86f19b8ba8dd5ac5a3c7010ef8d2932813"},
    {file = "pandas-1.5.3-cp38-cp38-macosx_10_9_x86_64.whl", hash = "sha256:9842b6f4b8479e41968eced654487258ed81df7d1c9b7b870ceea24ed9459b31"},
    {file = "pandas-1.5.3-cp38-cp38-macosx_11_0_arm64.whl", hash = "sha256:26d9c71772c7afb9d5046e6e9cf42d83dd147b5cf5bcb9d97252077118543792"},
    {file = "pandas-1.5.3-cp38-cp38-manylinux_2_17_aarch64.manylinux2014_aarch64.whl", hash = "sha256:5fbcb19d6fceb9e946b3e23258757c7b225ba450990d9ed63ccceeb8cae609f7"},
    {file = "pandas-1.5.3-cp38-cp38-manylinux_2_17_x86_64.manylinux2014_x86_64.whl", hash = "sha256:565fa34a5434d38e9d250af3c12ff931abaf88050551d9fbcdfafca50d62babf"},
    {file = "pandas-1.5.3-cp38-cp38-win32.whl", hash = "sha256:87bd9c03da1ac870a6d2c8902a0e1fd4267ca00f13bc494c9e5a9020920e1d51"},
    {file = "pandas-1.5.3-cp38-cp38-win_amd64.whl", hash = "sha256:41179ce559943d83a9b4bbacb736b04c928b095b5f25dd2b7389eda08f46f373"},
    {file = "pandas-1.5.3-cp39-cp39-macosx_10_9_universal2.whl", hash = "sha256:c74a62747864ed568f5a82a49a23a8d7fe171d0c69038b38cedf0976831296fa"},
    {file = "pandas-1.5.3-cp39-cp39-macosx_10_9_x86_64.whl", hash = "sha256:c4c00e0b0597c8e4f59e8d461f797e5d70b4d025880516a8261b2817c47759ee"},
    {file = "pandas-1.5.3-cp39-cp39-macosx_11_0_arm64.whl", hash = "sha256:a50d9a4336a9621cab7b8eb3fb11adb82de58f9b91d84c2cd526576b881a0c5a"},
    {file = "pandas-1.5.3-cp39-cp39-manylinux_2_17_aarch64.manylinux2014_aarch64.whl", hash = "sha256:dd05f7783b3274aa206a1af06f0ceed3f9b412cf665b7247eacd83be41cf7bf0"},
    {file = "pandas-1.5.3-cp39-cp39-manylinux_2_17_x86_64.manylinux2014_x86_64.whl", hash = "sha256:9f69c4029613de47816b1bb30ff5ac778686688751a5e9c99ad8c7031f6508e5"},
    {file = "pandas-1.5.3-cp39-cp39-win32.whl", hash = "sha256:7cec0bee9f294e5de5bbfc14d0573f65526071029d036b753ee6507d2a21480a"},
    {file = "pandas-1.5.3-cp39-cp39-win_amd64.whl", hash = "sha256:dfd681c5dc216037e0b0a2c821f5ed99ba9f03ebcf119c7dac0e9a7b960b9ec9"},
    {file = "pandas-1.5.3.tar.gz", hash = "sha256:74a3fd7e5a7ec052f183273dc7b0acd3a863edf7520f5d3a1765c04ffdb3b0b1"},
]

[package.dependencies]
numpy = [
    {version = ">=1.20.3", markers = "python_version < \"3.10\""},
    {version = ">=1.21.0", markers = "python_version >= \"3.10\""},
    {version = ">=1.23.2", markers = "python_version >= \"3.11\""},
]
python-dateutil = ">=2.8.1"
pytz = ">=2020.1"

[package.extras]
test = ["hypothesis (>=5.5.3)", "pytest (>=6.0)", "pytest-xdist (>=1.31)"]

[[package]]
name = "protobuf"
version = "3.20.3"
description = "Protocol Buffers"
category = "main"
optional = false
python-versions = ">=3.7"
files = [
    {file = "protobuf-3.20.3-cp310-cp310-manylinux2014_aarch64.whl", hash = "sha256:f4bd856d702e5b0d96a00ec6b307b0f51c1982c2bf9c0052cf9019e9a544ba99"},
    {file = "protobuf-3.20.3-cp310-cp310-manylinux_2_12_x86_64.manylinux2010_x86_64.whl", hash = "sha256:9aae4406ea63d825636cc11ffb34ad3379335803216ee3a856787bcf5ccc751e"},
    {file = "protobuf-3.20.3-cp310-cp310-win32.whl", hash = "sha256:28545383d61f55b57cf4df63eebd9827754fd2dc25f80c5253f9184235db242c"},
    {file = "protobuf-3.20.3-cp310-cp310-win_amd64.whl", hash = "sha256:67a3598f0a2dcbc58d02dd1928544e7d88f764b47d4a286202913f0b2801c2e7"},
    {file = "protobuf-3.20.3-cp36-cp36m-manylinux_2_5_x86_64.manylinux1_x86_64.whl", hash = "sha256:899dc660cd599d7352d6f10d83c95df430a38b410c1b66b407a6b29265d66469"},
    {file = "protobuf-3.20.3-cp37-cp37m-macosx_10_9_x86_64.whl", hash = "sha256:e64857f395505ebf3d2569935506ae0dfc4a15cb80dc25261176c784662cdcc4"},
    {file = "protobuf-3.20.3-cp37-cp37m-manylinux2014_aarch64.whl", hash = "sha256:d9e4432ff660d67d775c66ac42a67cf2453c27cb4d738fc22cb53b5d84c135d4"},
    {file = "protobuf-3.20.3-cp37-cp37m-manylinux_2_5_x86_64.manylinux1_x86_64.whl", hash = "sha256:74480f79a023f90dc6e18febbf7b8bac7508420f2006fabd512013c0c238f454"},
    {file = "protobuf-3.20.3-cp37-cp37m-win32.whl", hash = "sha256:b6cc7ba72a8850621bfec987cb72623e703b7fe2b9127a161ce61e61558ad905"},
    {file = "protobuf-3.20.3-cp37-cp37m-win_amd64.whl", hash = "sha256:8c0c984a1b8fef4086329ff8dd19ac77576b384079247c770f29cc8ce3afa06c"},
    {file = "protobuf-3.20.3-cp38-cp38-macosx_10_9_x86_64.whl", hash = "sha256:de78575669dddf6099a8a0f46a27e82a1783c557ccc38ee620ed8cc96d3be7d7"},
    {file = "protobuf-3.20.3-cp38-cp38-manylinux2014_aarch64.whl", hash = "sha256:f4c42102bc82a51108e449cbb32b19b180022941c727bac0cfd50170341f16ee"},
    {file = "protobuf-3.20.3-cp38-cp38-manylinux_2_5_x86_64.manylinux1_x86_64.whl", hash = "sha256:44246bab5dd4b7fbd3c0c80b6f16686808fab0e4aca819ade6e8d294a29c7050"},
    {file = "protobuf-3.20.3-cp38-cp38-win32.whl", hash = "sha256:c02ce36ec760252242a33967d51c289fd0e1c0e6e5cc9397e2279177716add86"},
    {file = "protobuf-3.20.3-cp38-cp38-win_amd64.whl", hash = "sha256:447d43819997825d4e71bf5769d869b968ce96848b6479397e29fc24c4a5dfe9"},
    {file = "protobuf-3.20.3-cp39-cp39-macosx_10_9_x86_64.whl", hash = "sha256:398a9e0c3eaceb34ec1aee71894ca3299605fa8e761544934378bbc6c97de23b"},
    {file = "protobuf-3.20.3-cp39-cp39-manylinux2014_aarch64.whl", hash = "sha256:bf01b5720be110540be4286e791db73f84a2b721072a3711efff6c324cdf074b"},
    {file = "protobuf-3.20.3-cp39-cp39-manylinux_2_5_x86_64.manylinux1_x86_64.whl", hash = "sha256:daa564862dd0d39c00f8086f88700fdbe8bc717e993a21e90711acfed02f2402"},
    {file = "protobuf-3.20.3-cp39-cp39-win32.whl", hash = "sha256:819559cafa1a373b7096a482b504ae8a857c89593cf3a25af743ac9ecbd23480"},
    {file = "protobuf-3.20.3-cp39-cp39-win_amd64.whl", hash = "sha256:03038ac1cfbc41aa21f6afcbcd357281d7521b4157926f30ebecc8d4ea59dcb7"},
    {file = "protobuf-3.20.3-py2.py3-none-any.whl", hash = "sha256:a7ca6d488aa8ff7f329d4c545b2dbad8ac31464f1d8b1c87ad1346717731e4db"},
    {file = "protobuf-3.20.3.tar.gz", hash = "sha256:2e3427429c9cffebf259491be0af70189607f365c2f41c7c3764af6f337105f2"},
]

[[package]]
name = "python-dateutil"
version = "2.8.2"
description = "Extensions to the standard Python datetime module"
category = "main"
optional = false
python-versions = "!=3.0.*,!=3.1.*,!=3.2.*,>=2.7"
files = [
    {file = "python-dateutil-2.8.2.tar.gz", hash = "sha256:0123cacc1627ae19ddf3c27a5de5bd67ee4586fbdd6440d9748f8abb483d3e86"},
    {file = "python_dateutil-2.8.2-py2.py3-none-any.whl", hash = "sha256:961d03dc3453ebbc59dbdea9e4e11c5651520a876d0f4db161e8674aae935da9"},
]

[package.dependencies]
six = ">=1.5"

[[package]]
name = "pytz"
version = "2022.7.1"
description = "World timezone definitions, modern and historical"
category = "main"
optional = false
python-versions = "*"
files = [
    {file = "pytz-2022.7.1-py2.py3-none-any.whl", hash = "sha256:78f4f37d8198e0627c5f1143240bb0206b8691d8d7ac6d78fee88b78733f8c4a"},
    {file = "pytz-2022.7.1.tar.gz", hash = "sha256:01a0681c4b9684a28304615eba55d1ab31ae00bf68ec157ec3708a8182dbbcd0"},
]

[[package]]
name = "s3transfer"
version = "0.6.0"
description = "An Amazon S3 Transfer Manager"
category = "main"
optional = false
python-versions = ">= 3.7"
files = [
    {file = "s3transfer-0.6.0-py3-none-any.whl", hash = "sha256:06176b74f3a15f61f1b4f25a1fc29a4429040b7647133a463da8fa5bd28d5ecd"},
    {file = "s3transfer-0.6.0.tar.gz", hash = "sha256:2ed07d3866f523cc561bf4a00fc5535827981b117dd7876f036b0c1aca42c947"},
]

[package.dependencies]
botocore = ">=1.12.36,<2.0a.0"

[package.extras]
crt = ["botocore[crt] (>=1.20.29,<2.0a.0)"]

[[package]]
name = "setuptools"
version = "67.1.0"
description = "Easily download, build, install, upgrade, and uninstall Python packages"
category = "main"
optional = false
python-versions = ">=3.7"
files = [
    {file = "setuptools-67.1.0-py3-none-any.whl", hash = "sha256:a7687c12b444eaac951ea87a9627c4f904ac757e7abdc5aac32833234af90378"},
    {file = "setuptools-67.1.0.tar.gz", hash = "sha256:e261cdf010c11a41cb5cb5f1bf3338a7433832029f559a6a7614bd42a967c300"},
]

[package.extras]
docs = ["furo", "jaraco.packaging (>=9)", "jaraco.tidelift (>=1.4)", "pygments-github-lexers (==0.0.5)", "rst.linker (>=1.9)", "sphinx (>=3.5)", "sphinx-favicon", "sphinx-hoverxref (<2)", "sphinx-inline-tabs", "sphinx-lint", "sphinx-notfound-page (==0.8.3)", "sphinx-reredirects", "sphinxcontrib-towncrier"]
testing = ["build[virtualenv]", "filelock (>=3.4.0)", "flake8 (<5)", "flake8-2020", "ini2toml[lite] (>=0.9)", "jaraco.envs (>=2.2)", "jaraco.path (>=3.2.0)", "pip (>=19.1)", "pip-run (>=8.8)", "pytest (>=6)", "pytest-black (>=0.3.7)", "pytest-checkdocs (>=2.4)", "pytest-cov", "pytest-enabler (>=1.3)", "pytest-flake8", "pytest-mypy (>=0.9.1)", "pytest-perf", "pytest-timeout", "pytest-xdist", "tomli-w (>=1.0.0)", "virtualenv (>=13.0.0)", "wheel"]
testing-integration = ["build[virtualenv]", "filelock (>=3.4.0)", "jaraco.envs (>=2.2)", "jaraco.path (>=3.2.0)", "pytest", "pytest-enabler", "pytest-xdist", "tomli", "virtualenv (>=13.0.0)", "wheel"]

[[package]]
name = "six"
version = "1.16.0"
description = "Python 2 and 3 compatibility utilities"
category = "main"
optional = false
python-versions = ">=2.7, !=3.0.*, !=3.1.*, !=3.2.*"
files = [
    {file = "six-1.16.0-py2.py3-none-any.whl", hash = "sha256:8abb2f1d86890a2dfb989f9a77cfcfd3e47c2a354b01111771326f8aa26e0254"},
    {file = "six-1.16.0.tar.gz", hash = "sha256:1e61c37477a1626458e36f7b1d82aa5c9b094fa4802892072e49de9c60c4c926"},
]

[[package]]
name = "urllib3"
version = "1.26.14"
description = "HTTP library with thread-safe connection pooling, file post, and more."
category = "main"
optional = false
python-versions = ">=2.7, !=3.0.*, !=3.1.*, !=3.2.*, !=3.3.*, !=3.4.*, !=3.5.*"
files = [
    {file = "urllib3-1.26.14-py2.py3-none-any.whl", hash = "sha256:75edcdc2f7d85b137124a6c3c9fc3933cdeaa12ecb9a6a959f22797a0feca7e1"},
    {file = "urllib3-1.26.14.tar.gz", hash = "sha256:076907bf8fd355cde77728471316625a4d2f7e713c125f51953bb5b3eecf4f72"},
]

[package.extras]
brotli = ["brotli (>=1.0.9)", "brotlicffi (>=0.8.0)", "brotlipy (>=0.6.0)"]
secure = ["certifi", "cryptography (>=1.3.4)", "idna (>=2.0.0)", "ipaddress", "pyOpenSSL (>=0.14)", "urllib3-secure-extra"]
socks = ["PySocks (>=1.5.6,!=1.5.7,<2.0)"]

[metadata]
lock-version = "2.0"
python-versions = "^3.8"
content-hash = "c698931f7c9f1ae2899245f49444cffe9e590850cd04a922a547af1af2b89072"
