# This file is automatically @generated by Poetry and should not be changed by hand.

[[package]]
name = "nanoid"
version = "2.0.0"
description = "A tiny, secure, URL-friendly, unique string ID generator for Python"
category = "main"
optional = false
python-versions = "*"
files = [
    {file = "nanoid-2.0.0-py3-none-any.whl", hash = "sha256:90aefa650e328cffb0893bbd4c236cfd44c48bc1f2d0b525ecc53c3187b653bb"},
    {file = "nanoid-2.0.0.tar.gz", hash = "sha256:5a80cad5e9c6e9ae3a41fa2fb34ae189f7cb420b2a5d8f82bd9d23466e4efa68"},
]

[metadata]
lock-version = "2.0"
python-versions = "^3.8"
content-hash = "2b84069a479367c8a57cff4a65f6f52612d802e03b59e8d1b139220f9e11337c"
