
Microsoft Visual Studio Solution File, Format Version 12.00
# Visual Studio Version 16
VisualStudioVersion = 16.0.30717.126
MinimumVisualStudioVersion = 10.0.40219.1
Project("{FAE04EC0-301F-11D3-BF4B-00C04F79EFBC}") = "JSonExample", "JSonExample\JSonExample.csproj", "{9EB8EFE7-D1F2-4326-B681-C851C80A1D1E}"
EndProject
Global
	GlobalSection(SolutionConfigurationPlatforms) = preSolution
		Debug|Any CPU = Debug|Any CPU
		Release|Any CPU = Release|Any CPU
	EndGlobalSection
	GlobalSection(ProjectConfigurationPlatforms) = postSolution
		{9EB8EFE7-D1F2-4326-B681-C851C80A1D1E}.Debug|Any CPU.ActiveCfg = Debug|Any CPU
		{9EB8EFE7-D1F2-4326-B681-C851C80A1D1E}.Debug|Any CPU.Build.0 = Debug|Any CPU
		{9EB8EFE7-D1F2-4326-B681-C851C80A1D1E}.Release|Any CPU.ActiveCfg = Release|Any CPU
		{9EB8EFE7-D1F2-4326-B681-C851C80A1D1E}.Release|Any CPU.Build.0 = Release|Any CPU
	EndGlobalSection
	GlobalSection(SolutionProperties) = preSolution
		HideSolutionNode = FALSE
	EndGlobalSection
	GlobalSection(ExtensibilityGlobals) = postSolution
		SolutionGuid = {A8F5476C-FBFD-4D95-B12A-B12BC527FB88}
	EndGlobalSection
EndGlobal
