
Microsoft Visual Studio Solution File, Format Version 12.00
# Visual Studio Version 16
VisualStudioVersion = 16.0.30406.217
MinimumVisualStudioVersion = 10.0.40219.1
Project("{FAE04EC0-301F-11D3-BF4B-00C04F79EFBC}") = "FirstWPFApplication", "FirstWPFApplication\FirstWPFApplication.csproj", "{AD0AE17D-B69C-419B-AC2B-162772741B1B}"
EndProject
Global
	GlobalSection(SolutionConfigurationPlatforms) = preSolution
		Debug|Any CPU = Debug|Any CPU
		Release|Any CPU = Release|Any CPU
	EndGlobalSection
	GlobalSection(ProjectConfigurationPlatforms) = postSolution
		{AD0AE17D-B69C-419B-AC2B-162772741B1B}.Debug|Any CPU.ActiveCfg = Debug|Any CPU
		{AD0AE17D-B69C-419B-AC2B-162772741B1B}.Debug|Any CPU.Build.0 = Debug|Any CPU
		{AD0AE17D-B69C-419B-AC2B-162772741B1B}.Release|Any CPU.ActiveCfg = Release|Any CPU
		{AD0AE17D-B69C-419B-AC2B-162772741B1B}.Release|Any CPU.Build.0 = Release|Any CPU
	EndGlobalSection
	GlobalSection(SolutionProperties) = preSolution
		HideSolutionNode = FALSE
	EndGlobalSection
	GlobalSection(ExtensibilityGlobals) = postSolution
		SolutionGuid = {857A54B1-674A-4B6E-BCD5-E9E4A234F52A}
	EndGlobalSection
EndGlobal
